// !$*UTF8*$!
{
	archiveVersion = 1;
	classes = {
	};
	objectVersion = 56;
	objects = {

/* Begin PBXBuildFile section */
		CE4BAEA02D813FD1001B52D6 /* FormValidate.swift in Sources */ = {isa = PBXBuildFile; fileRef = CE4BAE9F2D813FD1001B52D6 /* FormValidate.swift */; };
		CE4BAEA32D81488B001B52D6 /* String+Extension.swift in Sources */ = {isa = PBXBuildFile; fileRef = CE4BAEA22D81488B001B52D6 /* String+Extension.swift */; };
		CE4BAEA62D814CE4001B52D6 /* LoginError.swift in Sources */ = {isa = PBXBuildFile; fileRef = CE4BAEA52D814CE4001B52D6 /* LoginError.swift */; };
		CEE566A52D80913F005DBE28 /* MV_Model_AppApp.swift in Sources */ = {isa = PBXBuildFile; fileRef = CEE566A42D80913F005DBE28 /* MV_Model_AppApp.swift */; };
		CEE566A72D80913F005DBE28 /* ContentView.swift in Sources */ = {isa = PBXBuildFile; fileRef = CEE566A62D80913F005DBE28 /* ContentView.swift */; };
		CEE566A92D809142005DBE28 /* Assets.xcassets in Resources */ = {isa = PBXBuildFile; fileRef = CEE566A82D809142005DBE28 /* Assets.xcassets */; };
		CEE566AC2D809142005DBE28 /* Preview Assets.xcassets in Resources */ = {isa = PBXBuildFile; fileRef = CEE566AB2D809142005DBE28 /* Preview Assets.xcassets */; };
		CEE566B52D8092B4005DBE28 /* StoreModel.swift in Sources */ = {isa = PBXBuildFile; fileRef = CEE566B42D8092B4005DBE28 /* StoreModel.swift */; };
		CEE566B72D80939D005DBE28 /* Product.swift in Sources */ = {isa = PBXBuildFile; fileRef = CEE566B62D80939D005DBE28 /* Product.swift */; };
		CEE566BA2D809BD0005DBE28 /* WebService.swift in Sources */ = {isa = PBXBuildFile; fileRef = CEE566B92D809BD0005DBE28 /* WebService.swift */; };
/* End PBXBuildFile section */

/* Begin PBXFileReference section */
		CE4BAE9F2D813FD1001B52D6 /* FormValidate.swift */ = {isa = PBXFileReference; lastKnownFileType = sourcecode.swift; path = FormValidate.swift; sourceTree = "<group>"; };
		CE4BAEA22D81488B001B52D6 /* String+Extension.swift */ = {isa = PBXFileReference; lastKnownFileType = sourcecode.swift; path = "String+Extension.swift"; sourceTree = "<group>"; };
		CE4BAEA52D814CE4001B52D6 /* LoginError.swift */ = {isa = PBXFileReference; lastKnownFileType = sourcecode.swift; path = LoginError.swift; sourceTree = "<group>"; };
		CEE566A12D80913F005DBE28 /* MV-Model-App.app */ = {isa = PBXFileReference; explicitFileType = wrapper.application; includeInIndex = 0; path = "MV-Model-App.app"; sourceTree = BUILT_PRODUCTS_DIR; };
		CEE566A42D80913F005DBE28 /* MV_Model_AppApp.swift */ = {isa = PBXFileReference; lastKnownFileType = sourcecode.swift; path = MV_Model_AppApp.swift; sourceTree = "<group>"; };
		CEE566A62D80913F005DBE28 /* ContentView.swift */ = {isa = PBXFileReference; lastKnownFileType = sourcecode.swift; path = ContentView.swift; sourceTree = "<group>"; };
		CEE566A82D809142005DBE28 /* Assets.xcassets */ = {isa = PBXFileReference; lastKnownFileType = folder.assetcatalog; path = Assets.xcassets; sourceTree = "<group>"; };
		CEE566AB2D809142005DBE28 /* Preview Assets.xcassets */ = {isa = PBXFileReference; lastKnownFileType = folder.assetcatalog; path = "Preview Assets.xcassets"; sourceTree = "<group>"; };
		CEE566AD2D809142005DBE28 /* MV_Model_App.entitlements */ = {isa = PBXFileReference; lastKnownFileType = text.plist.entitlements; path = MV_Model_App.entitlements; sourceTree = "<group>"; };
		CEE566B42D8092B4005DBE28 /* StoreModel.swift */ = {isa = PBXFileReference; lastKnownFileType = sourcecode.swift; path = StoreModel.swift; sourceTree = "<group>"; };
		CEE566B62D80939D005DBE28 /* Product.swift */ = {isa = PBXFileReference; lastKnownFileType = sourcecode.swift; path = Product.swift; sourceTree = "<group>"; };
		CEE566B92D809BD0005DBE28 /* WebService.swift */ = {isa = PBXFileReference; lastKnownFileType = sourcecode.swift; path = WebService.swift; sourceTree = "<group>"; };
/* End PBXFileReference section */

/* Begin PBXFrameworksBuildPhase section */
		CEE5669E2D80913F005DBE28 /* Frameworks */ = {
			isa = PBXFrameworksBuildPhase;
			buildActionMask = 2147483647;
			files = (
			);
			runOnlyForDeploymentPostprocessing = 0;
		};
/* End PBXFrameworksBuildPhase section */

/* Begin PBXGroup section */
		CE4BAEA12D814875001B52D6 /* Extensions */ = {
			isa = PBXGroup;
			children = (
				CE4BAEA22D81488B001B52D6 /* String+Extension.swift */,
			);
			path = Extensions;
			sourceTree = "<group>";
		};
		CE4BAEA42D814CCF001B52D6 /* CustomErrors */ = {
			isa = PBXGroup;
			children = (
				CE4BAEA52D814CE4001B52D6 /* LoginError.swift */,
			);
			path = CustomErrors;
			sourceTree = "<group>";
		};
		CEE566982D80913F005DBE28 = {
			isa = PBXGroup;
			children = (
				CEE566A32D80913F005DBE28 /* MV-Model-App */,
				CEE566A22D80913F005DBE28 /* Products */,
			);
			sourceTree = "<group>";
		};
		CEE566A22D80913F005DBE28 /* Products */ = {
			isa = PBXGroup;
			children = (
				CEE566A12D80913F005DBE28 /* MV-Model-App.app */,
			);
			name = Products;
			sourceTree = "<group>";
		};
		CEE566A32D80913F005DBE28 /* MV-Model-App */ = {
			isa = PBXGroup;
			children = (
				CEE566B82D8098F3005DBE28 /* Services */,
				CEE566B32D809275005DBE28 /* Models */,
				CEE566A42D80913F005DBE28 /* MV_Model_AppApp.swift */,
				CEE566A62D80913F005DBE28 /* ContentView.swift */,
				CE4BAE9F2D813FD1001B52D6 /* FormValidate.swift */,
				CE4BAEA42D814CCF001B52D6 /* CustomErrors */,
				CE4BAEA12D814875001B52D6 /* Extensions */,
				CEE566A82D809142005DBE28 /* Assets.xcassets */,
				CEE566AD2D809142005DBE28 /* MV_Model_App.entitlements */,
				CEE566AA2D809142005DBE28 /* Preview Content */,
			);
			path = "MV-Model-App";
			sourceTree = "<group>";
		};
		CEE566AA2D809142005DBE28 /* Preview Content */ = {
			isa = PBXGroup;
			children = (
				CEE566AB2D809142005DBE28 /* Preview Assets.xcassets */,
			);
			path = "Preview Content";
			sourceTree = "<group>";
		};
		CEE566B32D809275005DBE28 /* Models */ = {
			isa = PBXGroup;
			children = (
				CEE566B42D8092B4005DBE28 /* StoreModel.swift */,
				CEE566B62D80939D005DBE28 /* Product.swift */,
			);
			path = Models;
			sourceTree = "<group>";
		};
		CEE566B82D8098F3005DBE28 /* Services */ = {
			isa = PBXGroup;
			children = (
				CEE566B92D809BD0005DBE28 /* WebService.swift */,
			);
			path = Services;
			sourceTree = "<group>";
		};
/* End PBXGroup section */

/* Begin PBXNativeTarget section */
		CEE566A02D80913F005DBE28 /* MV-Model-App */ = {
			isa = PBXNativeTarget;
			buildConfigurationList = CEE566B02D809142005DBE28 /* Build configuration list for PBXNativeTarget "MV-Model-App" */;
			buildPhases = (
				CEE5669D2D80913F005DBE28 /* Sources */,
				CEE5669E2D80913F005DBE28 /* Frameworks */,
				CEE5669F2D80913F005DBE28 /* Resources */,
			);
			buildRules = (
			);
			dependencies = (
			);
			name = "MV-Model-App";
			productName = "MV-Model-App";
			productReference = CEE566A12D80913F005DBE28 /* MV-Model-App.app */;
			productType = "com.apple.product-type.application";
		};
/* End PBXNativeTarget section */

/* Begin PBXProject section */
		CEE566992D80913F005DBE28 /* Project object */ = {
			isa = PBXProject;
			attributes = {
				BuildIndependentTargetsInParallel = 1;
				LastSwiftUpdateCheck = 1540;
				LastUpgradeCheck = 1540;
				TargetAttributes = {
					CEE566A02D80913F005DBE28 = {
						CreatedOnToolsVersion = 15.4;
					};
				};
			};
			buildConfigurationList = CEE5669C2D80913F005DBE28 /* Build configuration list for PBXProject "MV-Model-App" */;
			compatibilityVersion = "Xcode 14.0";
			developmentRegion = en;
			hasScannedForEncodings = 0;
			knownRegions = (
				en,
				Base,
			);
			mainGroup = CEE566982D80913F005DBE28;
			productRefGroup = CEE566A22D80913F005DBE28 /* Products */;
			projectDirPath = "";
			projectRoot = "";
			targets = (
				CEE566A02D80913F005DBE28 /* MV-Model-App */,
			);
		};
/* End PBXProject section */

/* Begin PBXResourcesBuildPhase section */
		CEE5669F2D80913F005DBE28 /* Resources */ = {
			isa = PBXResourcesBuildPhase;
			buildActionMask = 2147483647;
			files = (
				CEE566AC2D809142005DBE28 /* Preview Assets.xcassets in Resources */,
				CEE566A92D809142005DBE28 /* Assets.xcassets in Resources */,
			);
			runOnlyForDeploymentPostprocessing = 0;
		};
/* End PBXResourcesBuildPhase section */

/* Begin PBXSourcesBuildPhase section */
		CEE5669D2D80913F005DBE28 /* Sources */ = {
			isa = PBXSourcesBuildPhase;
			buildActionMask = 2147483647;
			files = (
				CEE566A72D80913F005DBE28 /* ContentView.swift in Sources */,
				CE4BAEA32D81488B001B52D6 /* String+Extension.swift in Sources */,
				CEE566B72D80939D005DBE28 /* Product.swift in Sources */,
				CEE566A52D80913F005DBE28 /* MV_Model_AppApp.swift in Sources */,
				CE4BAEA02D813FD1001B52D6 /* FormValidate.swift in Sources */,
				CEE566BA2D809BD0005DBE28 /* WebService.swift in Sources */,
				CE4BAEA62D814CE4001B52D6 /* LoginError.swift in Sources */,
				CEE566B52D8092B4005DBE28 /* StoreModel.swift in Sources */,
			);
			runOnlyForDeploymentPostprocessing = 0;
		};
/* End PBXSourcesBuildPhase section */

/* Begin XCBuildConfiguration section */
		CEE566AE2D809142005DBE28 /* Debug */ = {
			isa = XCBuildConfiguration;
			buildSettings = {
				ALWAYS_SEARCH_USER_PATHS = NO;
				ASSETCATALOG_COMPILER_GENERATE_SWIFT_ASSET_SYMBOL_EXTENSIONS = YES;
				CLANG_ANALYZER_NONNULL = YES;
				CLANG_ANALYZER_NUMBER_OBJECT_CONVERSION = YES_AGGRESSIVE;
				CLANG_CXX_LANGUAGE_STANDARD = "gnu++20";
				CLANG_ENABLE_MODULES = YES;
				CLANG_ENABLE_OBJC_ARC = YES;
				CLANG_ENABLE_OBJC_WEAK = YES;
				CLANG_WARN_BLOCK_CAPTURE_AUTORELEASING = YES;
				CLANG_WARN_BOOL_CONVERSION = YES;
				CLANG_WARN_COMMA = YES;
				CLANG_WARN_CONSTANT_CONVERSION = YES;
				CLANG_WARN_DEPRECATED_OBJC_IMPLEMENTATIONS = YES;
				CLANG_WARN_DIRECT_OBJC_ISA_USAGE = YES_ERROR;
				CLANG_WARN_DOCUMENTATION_COMMENTS = YES;
				CLANG_WARN_EMPTY_BODY = YES;
				CLANG_WARN_ENUM_CONVERSION = YES;
				CLANG_WARN_INFINITE_RECURSION = YES;
				CLANG_WARN_INT_CONVERSION = YES;
				CLANG_WARN_NON_LITERAL_NULL_CONVERSION = YES;
				CLANG_WARN_OBJC_IMPLICIT_RETAIN_SELF = YES;
				CLANG_WARN_OBJC_LITERAL_CONVERSION = YES;
				CLANG_WARN_OBJC_ROOT_CLASS = YES_ERROR;
				CLANG_WARN_QUOTED_INCLUDE_IN_FRAMEWORK_HEADER = YES;
				CLANG_WARN_RANGE_LOOP_ANALYSIS = YES;
				CLANG_WARN_STRICT_PROTOTYPES = YES;
				CLANG_WARN_SUSPICIOUS_MOVE = YES;
				CLANG_WARN_UNGUARDED_AVAILABILITY = YES_AGGRESSIVE;
				CLANG_WARN_UNREACHABLE_CODE = YES;
				CLANG_WARN__DUPLICATE_METHOD_MATCH = YES;
				COPY_PHASE_STRIP = NO;
				DEBUG_INFORMATION_FORMAT = dwarf;
				ENABLE_STRICT_OBJC_MSGSEND = YES;
				ENABLE_TESTABILITY = YES;
				ENABLE_USER_SCRIPT_SANDBOXING = YES;
				GCC_C_LANGUAGE_STANDARD = gnu17;
				GCC_DYNAMIC_NO_PIC = NO;
				GCC_NO_COMMON_BLOCKS = YES;
				GCC_OPTIMIZATION_LEVEL = 0;
				GCC_PREPROCESSOR_DEFINITIONS = (
					"DEBUG=1",
					"$(inherited)",
				);
				GCC_WARN_64_TO_32_BIT_CONVERSION = YES;
				GCC_WARN_ABOUT_RETURN_TYPE = YES_ERROR;
				GCC_WARN_UNDECLARED_SELECTOR = YES;
				GCC_WARN_UNINITIALIZED_AUTOS = YES_AGGRESSIVE;
				GCC_WARN_UNUSED_FUNCTION = YES;
				GCC_WARN_UNUSED_VARIABLE = YES;
				LOCALIZATION_PREFERS_STRING_CATALOGS = YES;
				MACOSX_DEPLOYMENT_TARGET = 14.5;
				MTL_ENABLE_DEBUG_INFO = INCLUDE_SOURCE;
				MTL_FAST_MATH = YES;
				ONLY_ACTIVE_ARCH = YES;
				SDKROOT = macosx;
				SWIFT_ACTIVE_COMPILATION_CONDITIONS = "DEBUG $(inherited)";
				SWIFT_OPTIMIZATION_LEVEL = "-Onone";
			};
			name = Debug;
		};
		CEE566AF2D809142005DBE28 /* Release */ = {
			isa = XCBuildConfiguration;
			buildSettings = {
				ALWAYS_SEARCH_USER_PATHS = NO;
				ASSETCATALOG_COMPILER_GENERATE_SWIFT_ASSET_SYMBOL_EXTENSIONS = YES;
				CLANG_ANALYZER_NONNULL = YES;
				CLANG_ANALYZER_NUMBER_OBJECT_CONVERSION = YES_AGGRESSIVE;
				CLANG_CXX_LANGUAGE_STANDARD = "gnu++20";
				CLANG_ENABLE_MODULES = YES;
				CLANG_ENABLE_OBJC_ARC = YES;
				CLANG_ENABLE_OBJC_WEAK = YES;
				CLANG_WARN_BLOCK_CAPTURE_AUTORELEASING = YES;
				CLANG_WARN_BOOL_CONVERSION = YES;
				CLANG_WARN_COMMA = YES;
				CLANG_WARN_CONSTANT_CONVERSION = YES;
				CLANG_WARN_DEPRECATED_OBJC_IMPLEMENTATIONS = YES;
				CLANG_WARN_DIRECT_OBJC_ISA_USAGE = YES_ERROR;
				CLANG_WARN_DOCUMENTATION_COMMENTS = YES;
				CLANG_WARN_EMPTY_BODY = YES;
				CLANG_WARN_ENUM_CONVERSION = YES;
				CLANG_WARN_INFINITE_RECURSION = YES;
				CLANG_WARN_INT_CONVERSION = YES;
				CLANG_WARN_NON_LITERAL_NULL_CONVERSION = YES;
				CLANG_WARN_OBJC_IMPLICIT_RETAIN_SELF = YES;
				CLANG_WARN_OBJC_LITERAL_CONVERSION = YES;
				CLANG_WARN_OBJC_ROOT_CLASS = YES_ERROR;
				CLANG_WARN_QUOTED_INCLUDE_IN_FRAMEWORK_HEADER = YES;
				CLANG_WARN_RANGE_LOOP_ANALYSIS = YES;
				CLANG_WARN_STRICT_PROTOTYPES = YES;
				CLANG_WARN_SUSPICIOUS_MOVE = YES;
				CLANG_WARN_UNGUARDED_AVAILABILITY = YES_AGGRESSIVE;
				CLANG_WARN_UNREACHABLE_CODE = YES;
				CLANG_WARN__DUPLICATE_METHOD_MATCH = YES;
				COPY_PHASE_STRIP = NO;
				DEBUG_INFORMATION_FORMAT = "dwarf-with-dsym";
				ENABLE_NS_ASSERTIONS = NO;
				ENABLE_STRICT_OBJC_MSGSEND = YES;
				ENABLE_USER_SCRIPT_SANDBOXING = YES;
				GCC_C_LANGUAGE_STANDARD = gnu17;
				GCC_NO_COMMON_BLOCKS = YES;
				GCC_WARN_64_TO_32_BIT_CONVERSION = YES;
				GCC_WARN_ABOUT_RETURN_TYPE = YES_ERROR;
				GCC_WARN_UNDECLARED_SELECTOR = YES;
				GCC_WARN_UNINITIALIZED_AUTOS = YES_AGGRESSIVE;
				GCC_WARN_UNUSED_FUNCTION = YES;
				GCC_WARN_UNUSED_VARIABLE = YES;
				LOCALIZATION_PREFERS_STRING_CATALOGS = YES;
				MACOSX_DEPLOYMENT_TARGET = 14.5;
				MTL_ENABLE_DEBUG_INFO = NO;
				MTL_FAST_MATH = YES;
				SDKROOT = macosx;
				SWIFT_COMPILATION_MODE = wholemodule;
			};
			name = Release;
		};
		CEE566B12D809142005DBE28 /* Debug */ = {
			isa = XCBuildConfiguration;
			buildSettings = {
				ASSETCATALOG_COMPILER_APPICON_NAME = AppIcon;
				ASSETCATALOG_COMPILER_GLOBAL_ACCENT_COLOR_NAME = AccentColor;
				CODE_SIGN_ENTITLEMENTS = "MV-Model-App/MV_Model_App.entitlements";
				CODE_SIGN_STYLE = Automatic;
				COMBINE_HIDPI_IMAGES = YES;
				CURRENT_PROJECT_VERSION = 1;
				DEVELOPMENT_ASSET_PATHS = "\"MV-Model-App/Preview Content\"";
				ENABLE_PREVIEWS = YES;
				GENERATE_INFOPLIST_FILE = YES;
				INFOPLIST_KEY_NSHumanReadableCopyright = "";
				LD_RUNPATH_SEARCH_PATHS = (
					"$(inherited)",
					"@executable_path/../Frameworks",
				);
				MARKETING_VERSION = 1.0;
				PRODUCT_BUNDLE_IDENTIFIER = "personal.MV-Model-App";
				PRODUCT_NAME = "$(TARGET_NAME)";
				SUPPORTED_PLATFORMS = "iphoneos iphonesimulator macosx";
				SUPPORTS_MACCATALYST = NO;
				SWIFT_EMIT_LOC_STRINGS = YES;
				SWIFT_VERSION = 5.0;
				TARGETED_DEVICE_FAMILY = 1;
			};
			name = Debug;
		};
		CEE566B22D809142005DBE28 /* Release */ = {
			isa = XCBuildConfiguration;
			buildSettings = {
				ASSETCATALOG_COMPILER_APPICON_NAME = AppIcon;
				ASSETCATALOG_COMPILER_GLOBAL_ACCENT_COLOR_NAME = AccentColor;
				CODE_SIGN_ENTITLEMENTS = "MV-Model-App/MV_Model_App.entitlements";
				CODE_SIGN_STYLE = Automatic;
				COMBINE_HIDPI_IMAGES = YES;
				CURRENT_PROJECT_VERSION = 1;
				DEVELOPMENT_ASSET_PATHS = "\"MV-Model-App/Preview Content\"";
				ENABLE_PREVIEWS = YES;
				GENERATE_INFOPLIST_FILE = YES;
				INFOPLIST_KEY_NSHumanReadableCopyright = "";
				LD_RUNPATH_SEARCH_PATHS = (
					"$(inherited)",
					"@executable_path/../Frameworks",
				);
				MARKETING_VERSION = 1.0;
				PRODUCT_BUNDLE_IDENTIFIER = "personal.MV-Model-App";
				PRODUCT_NAME = "$(TARGET_NAME)";
				SUPPORTED_PLATFORMS = "iphoneos iphonesimulator macosx";
				SUPPORTS_MACCATALYST = NO;
				SWIFT_EMIT_LOC_STRINGS = YES;
				SWIFT_VERSION = 5.0;
				TARGETED_DEVICE_FAMILY = 1;
			};
			name = Release;
		};
/* End XCBuildConfiguration section */

/* Begin XCConfigurationList section */
		CEE5669C2D80913F005DBE28 /* Build configuration list for PBXProject "MV-Model-App" */ = {
			isa = XCConfigurationList;
			buildConfigurations = (
				CEE566AE2D809142005DBE28 /* Debug */,
				CEE566AF2D809142005DBE28 /* Release */,
			);
			defaultConfigurationIsVisible = 0;
			defaultConfigurationName = Release;
		};
		CEE566B02D809142005DBE28 /* Build configuration list for PBXNativeTarget "MV-Model-App" */ = {
			isa = XCConfigurationList;
			buildConfigurations = (
				CEE566B12D809142005DBE28 /* Debug */,
				CEE566B22D809142005DBE28 /* Release */,
			);
			defaultConfigurationIsVisible = 0;
			defaultConfigurationName = Release;
		};
/* End XCConfigurationList section */
	};
	rootObject = CEE566992D80913F005DBE28 /* Project object */;
}
